// !$*UTF8*$!
{
	archiveVersion = 1;
	classes = {
	};
	objectVersion = 46;
	objects = {

/* Begin PBXBuildFile section */
		6D587BAF1F4F15880002C18A /* AssertionTests.swift in Sources */ = {isa = PBXBuildFile; fileRef = 6D587BAE1F4F15880002C18A /* AssertionTests.swift */; };
		6D587BC71F4F1BCF0002C18A /* XCTestCase+Wait.swift in Sources */ = {isa = PBXBuildFile; fileRef = 6D587BC61F4F1BCF0002C18A /* XCTestCase+Wait.swift */; };
		6D587BC91F4F1C8E0002C18A /* XCTest+Assert.swift in Sources */ = {isa = PBXBuildFile; fileRef = 6D587BC81F4F1C8E0002C18A /* XCTest+Assert.swift */; };
		6D587BCB1F4F210A0002C18A /* XCUIElementQuery+Any.swift in Sources */ = {isa = PBXBuildFile; fileRef = 6D587BCA1F4F210A0002C18A /* XCUIElementQuery+Any.swift */; };
		6D7319951F7119C80004AE2A /* OtherTabScreen.swift in Sources */ = {isa = PBXBuildFile; fileRef = 6D7319941F7119C80004AE2A /* OtherTabScreen.swift */; };
		6D7B81DB1F545D1A0055AEC1 /* TableScreen.swift in Sources */ = {isa = PBXBuildFile; fileRef = 6D7B81DA1F545D1A0055AEC1 /* TableScreen.swift */; };
		6D7B81DD1F545D280055AEC1 /* CollectionScreen.swift in Sources */ = {isa = PBXBuildFile; fileRef = 6D7B81DC1F545D280055AEC1 /* CollectionScreen.swift */; };
		6D7B81DF1F545D360055AEC1 /* ItemScreen.swift in Sources */ = {isa = PBXBuildFile; fileRef = 6D7B81DE1F545D360055AEC1 /* ItemScreen.swift */; };
		6D7B81E11F545E180055AEC1 /* UIAccessibleContainer.swift in Sources */ = {isa = PBXBuildFile; fileRef = 6D7B81E01F545E180055AEC1 /* UIAccessibleContainer.swift */; };
		6D7B81E31F5460130055AEC1 /* XCTestCase+Alert.swift in Sources */ = {isa = PBXBuildFile; fileRef = 6D7B81E21F5460130055AEC1 /* XCTestCase+Alert.swift */; };
		6D7B81E81F5461F60055AEC1 /* ScrollTillVisibleTests.swift in Sources */ = {isa = PBXBuildFile; fileRef = 6D7B81E71F5461F60055AEC1 /* ScrollTillVisibleTests.swift */; };
		6D85CD691F4AE81800135010 /* AppDelegate.swift in Sources */ = {isa = PBXBuildFile; fileRef = 6D85CD681F4AE81800135010 /* AppDelegate.swift */; };
		6D85CD6B1F4AE81800135010 /* ViewController.swift in Sources */ = {isa = PBXBuildFile; fileRef = 6D85CD6A1F4AE81800135010 /* ViewController.swift */; };
		6D85CD6E1F4AE81800135010 /* Main.storyboard in Resources */ = {isa = PBXBuildFile; fileRef = 6D85CD6C1F4AE81800135010 /* Main.storyboard */; };
		6D85CD701F4AE81800135010 /* Assets.xcassets in Resources */ = {isa = PBXBuildFile; fileRef = 6D85CD6F1F4AE81800135010 /* Assets.xcassets */; };
		6D85CD731F4AE81800135010 /* LaunchScreen.storyboard in Resources */ = {isa = PBXBuildFile; fileRef = 6D85CD711F4AE81800135010 /* LaunchScreen.storyboard */; };
		6D85CD7E1F4AE81800135010 /* UITestingWorkshopUITests.swift in Sources */ = {isa = PBXBuildFile; fileRef = 6D85CD7D1F4AE81800135010 /* UITestingWorkshopUITests.swift */; };
		6D85CD941F4AE90D00135010 /* Application.swift in Sources */ = {isa = PBXBuildFile; fileRef = 6D85CD931F4AE90D00135010 /* Application.swift */; };
		6D85CD961F4AE95D00135010 /* ApplicationObjectTestCase.swift in Sources */ = {isa = PBXBuildFile; fileRef = 6D85CD951F4AE95D00135010 /* ApplicationObjectTestCase.swift */; };
		6D85CD981F4AE99100135010 /* MainScreen.swift in Sources */ = {isa = PBXBuildFile; fileRef = 6D85CD971F4AE99100135010 /* MainScreen.swift */; };
		6D85CD9D1F4AEDCD00135010 /* InfoPlist.strings in Resources */ = {isa = PBXBuildFile; fileRef = 6D85CD9F1F4AEDCD00135010 /* InfoPlist.strings */; };
		6D85CDFE1F4C37A000135010 /* TableViewController.swift in Sources */ = {isa = PBXBuildFile; fileRef = 6D85CDFD1F4C37A000135010 /* TableViewController.swift */; };
		6D85CE001F4C390700135010 /* TableItemCell.swift in Sources */ = {isa = PBXBuildFile; fileRef = 6D85CDFF1F4C390700135010 /* TableItemCell.swift */; };
		6D85CE021F4C392B00135010 /* TableItem.swift in Sources */ = {isa = PBXBuildFile; fileRef = 6D85CE011F4C392B00135010 /* TableItem.swift */; };
		6D85CE041F4C3C3C00135010 /* ItemViewController.swift in Sources */ = {isa = PBXBuildFile; fileRef = 6D85CE031F4C3C3C00135010 /* ItemViewController.swift */; };
		6D85CE061F4C3E4800135010 /* ItemGenerator.swift in Sources */ = {isa = PBXBuildFile; fileRef = 6D85CE051F4C3E4800135010 /* ItemGenerator.swift */; };
		6D85CE081F4C3E9D00135010 /* CollectionItem.swift in Sources */ = {isa = PBXBuildFile; fileRef = 6D85CE071F4C3E9D00135010 /* CollectionItem.swift */; };
		6D85CE0A1F4C40CA00135010 /* CollectionViewController.swift in Sources */ = {isa = PBXBuildFile; fileRef = 6D85CE091F4C40CA00135010 /* CollectionViewController.swift */; };
		6D85CE0C1F4C414200135010 /* CollectionItemCell.swift in Sources */ = {isa = PBXBuildFile; fileRef = 6D85CE0B1F4C414200135010 /* CollectionItemCell.swift */; };
		6DBCBCFE1F56ADC000C910DC /* Localizable.strings in Resources */ = {isa = PBXBuildFile; fileRef = 6DBCBD001F56ADC000C910DC /* Localizable.strings */; };
		6DBCBD031F56AE2F00C910DC /* LocalizationExample.swift in Sources */ = {isa = PBXBuildFile; fileRef = 6DBCBD021F56AE2F00C910DC /* LocalizationExample.swift */; };
		6DBCBD181F56B12F00C910DC /* Localizable.strings in Resources */ = {isa = PBXBuildFile; fileRef = 6DBCBD001F56ADC000C910DC /* Localizable.strings */; };
		6DBCBD1C1F56B98300C910DC /* MockServer.swift in Sources */ = {isa = PBXBuildFile; fileRef = 6DBCBD191F56B98300C910DC /* MockServer.swift */; };
		6DBCBD1D1F56B98300C910DC /* HARArchive.swift in Sources */ = {isa = PBXBuildFile; fileRef = 6DBCBD1A1F56B98300C910DC /* HARArchive.swift */; };
		6DBCBD1E1F56B98300C910DC /* MockServer+HAR.swift in Sources */ = {isa = PBXBuildFile; fileRef = 6DBCBD1B1F56B98300C910DC /* MockServer+HAR.swift */; };
		6DBCBD211F56BABB00C910DC /* ExampleMockServerTests.swift in Sources */ = {isa = PBXBuildFile; fileRef = 6DBCBD201F56BABB00C910DC /* ExampleMockServerTests.swift */; };
		6DBCBD441F56BD8B00C910DC /* ObjectMapper.framework in Frameworks */ = {isa = PBXBuildFile; fileRef = 6DBCBD371F56BD5900C910DC /* ObjectMapper.framework */; };
		6DBCBD461F56BDD200C910DC /* ObjectMapper.framework in Copy Frameworks */ = {isa = PBXBuildFile; fileRef = 6DBCBD371F56BD5900C910DC /* ObjectMapper.framework */; settings = {ATTRIBUTES = (CodeSignOnCopy, RemoveHeadersOnCopy, ); }; };
		6DBCBD481F56C00800C910DC /* LaunchArgument.swift in Sources */ = {isa = PBXBuildFile; fileRef = 6DBCBD471F56C00800C910DC /* LaunchArgument.swift */; };
		6DE36CC71F504B27006E73AC /* ArrangeActAssertExample.swift in Sources */ = {isa = PBXBuildFile; fileRef = 6DE36CC61F504B27006E73AC /* ArrangeActAssertExample.swift */; };
/* End PBXBuildFile section */

/* Begin PBXContainerItemProxy section */
		6D85CD7A1F4AE81800135010 /* PBXContainerItemProxy */ = {
			isa = PBXContainerItemProxy;
			containerPortal = 6D85CD5D1F4AE81800135010 /* Project object */;
			proxyType = 1;
			remoteGlobalIDString = 6D85CD641F4AE81800135010;
			remoteInfo = UITestingWorkshop;
		};
		6DBCBD361F56BD5900C910DC /* PBXContainerItemProxy */ = {
			isa = PBXContainerItemProxy;
			containerPortal = 6DBCBD2C1F56BD5900C910DC /* ObjectMapper.xcodeproj */;
			proxyType = 2;
			remoteGlobalIDString = 6AAC8F7619F03C2900E7A677;
			remoteInfo = "ObjectMapper-iOS";
		};
		6DBCBD381F56BD5900C910DC /* PBXContainerItemProxy */ = {
			isa = PBXContainerItemProxy;
			containerPortal = 6DBCBD2C1F56BD5900C910DC /* ObjectMapper.xcodeproj */;
			proxyType = 2;
			remoteGlobalIDString = CD1602FF1AC023D5000CD69A;
			remoteInfo = "ObjectMapper-Mac";
		};
		6DBCBD3A1F56BD5900C910DC /* PBXContainerItemProxy */ = {
			isa = PBXContainerItemProxy;
			containerPortal = 6DBCBD2C1F56BD5900C910DC /* ObjectMapper.xcodeproj */;
			proxyType = 2;
			remoteGlobalIDString = 6A2AD03D1B2C78540097E150;
			remoteInfo = "ObjectMapper-watchOS";
		};
		6DBCBD3C1F56BD5900C910DC /* PBXContainerItemProxy */ = {
			isa = PBXContainerItemProxy;
			containerPortal = 6DBCBD2C1F56BD5900C910DC /* ObjectMapper.xcodeproj */;
			proxyType = 2;
			remoteGlobalIDString = 6A05B7A61BE274BE00F19B53;
			remoteInfo = "ObjectMapper-tvOS";
		};
		6DBCBD3E1F56BD5900C910DC /* PBXContainerItemProxy */ = {
			isa = PBXContainerItemProxy;
			containerPortal = 6DBCBD2C1F56BD5900C910DC /* ObjectMapper.xcodeproj */;
			proxyType = 2;
			remoteGlobalIDString = 6AAC8F8119F03C2900E7A677;
			remoteInfo = "ObjectMapper-iOSTests";
		};
		6DBCBD401F56BD5900C910DC /* PBXContainerItemProxy */ = {
			isa = PBXContainerItemProxy;
			containerPortal = 6DBCBD2C1F56BD5900C910DC /* ObjectMapper.xcodeproj */;
			proxyType = 2;
			remoteGlobalIDString = CD1603091AC023D6000CD69A;
			remoteInfo = "ObjectMapper-MacTests";
		};
		6DBCBD421F56BD5900C910DC /* PBXContainerItemProxy */ = {
			isa = PBXContainerItemProxy;
			containerPortal = 6DBCBD2C1F56BD5900C910DC /* ObjectMapper.xcodeproj */;
			proxyType = 2;
			remoteGlobalIDString = 6A05B7AF1BE274BE00F19B53;
			remoteInfo = "ObjectMapper-tvOSTests";
		};
/* End PBXContainerItemProxy section */

/* Begin PBXCopyFilesBuildPhase section */
		6DBCBD2A1F56BC2000C910DC /* Embed Frameworks */ = {
			isa = PBXCopyFilesBuildPhase;
			buildActionMask = 2147483647;
			dstPath = "";
			dstSubfolderSpec = 10;
			files = (
			);
			name = "Embed Frameworks";
			runOnlyForDeploymentPostprocessing = 0;
		};
		6DBCBD451F56BD9300C910DC /* Copy Frameworks */ = {
			isa = PBXCopyFilesBuildPhase;
			buildActionMask = 2147483647;
			dstPath = "";
			dstSubfolderSpec = 10;
			files = (
				6DBCBD461F56BDD200C910DC /* ObjectMapper.framework in Copy Frameworks */,
			);
			name = "Copy Frameworks";
			runOnlyForDeploymentPostprocessing = 0;
		};
/* End PBXCopyFilesBuildPhase section */

/* Begin PBXFileReference section */
		6D587BAE1F4F15880002C18A /* AssertionTests.swift */ = {isa = PBXFileReference; fileEncoding = 4; lastKnownFileType = sourcecode.swift; path = AssertionTests.swift; sourceTree = "<group>"; };
		6D587BC61F4F1BCF0002C18A /* XCTestCase+Wait.swift */ = {isa = PBXFileReference; fileEncoding = 4; lastKnownFileType = sourcecode.swift; path = "XCTestCase+Wait.swift"; sourceTree = "<group>"; };
		6D587BC81F4F1C8E0002C18A /* XCTest+Assert.swift */ = {isa = PBXFileReference; fileEncoding = 4; lastKnownFileType = sourcecode.swift; path = "XCTest+Assert.swift"; sourceTree = "<group>"; };
		6D587BCA1F4F210A0002C18A /* XCUIElementQuery+Any.swift */ = {isa = PBXFileReference; fileEncoding = 4; lastKnownFileType = sourcecode.swift; path = "XCUIElementQuery+Any.swift"; sourceTree = "<group>"; };
		6D7319941F7119C80004AE2A /* OtherTabScreen.swift */ = {isa = PBXFileReference; fileEncoding = 4; lastKnownFileType = sourcecode.swift; path = OtherTabScreen.swift; sourceTree = "<group>"; };
		6D7B81DA1F545D1A0055AEC1 /* TableScreen.swift */ = {isa = PBXFileReference; fileEncoding = 4; lastKnownFileType = sourcecode.swift; path = TableScreen.swift; sourceTree = "<group>"; };
		6D7B81DC1F545D280055AEC1 /* CollectionScreen.swift */ = {isa = PBXFileReference; fileEncoding = 4; lastKnownFileType = sourcecode.swift; path = CollectionScreen.swift; sourceTree = "<group>"; };
		6D7B81DE1F545D360055AEC1 /* ItemScreen.swift */ = {isa = PBXFileReference; fileEncoding = 4; lastKnownFileType = sourcecode.swift; path = ItemScreen.swift; sourceTree = "<group>"; };
		6D7B81E01F545E180055AEC1 /* UIAccessibleContainer.swift */ = {isa = PBXFileReference; fileEncoding = 4; lastKnownFileType = sourcecode.swift; path = UIAccessibleContainer.swift; sourceTree = "<group>"; };
		6D7B81E21F5460130055AEC1 /* XCTestCase+Alert.swift */ = {isa = PBXFileReference; fileEncoding = 4; lastKnownFileType = sourcecode.swift; path = "XCTestCase+Alert.swift"; sourceTree = "<group>"; };
		6D7B81E71F5461F60055AEC1 /* ScrollTillVisibleTests.swift */ = {isa = PBXFileReference; fileEncoding = 4; lastKnownFileType = sourcecode.swift; path = ScrollTillVisibleTests.swift; sourceTree = "<group>"; };
		6D85CD651F4AE81800135010 /* UITestingWorkshop.app */ = {isa = PBXFileReference; explicitFileType = wrapper.application; includeInIndex = 0; path = UITestingWorkshop.app; sourceTree = BUILT_PRODUCTS_DIR; };
		6D85CD681F4AE81800135010 /* AppDelegate.swift */ = {isa = PBXFileReference; lastKnownFileType = sourcecode.swift; path = AppDelegate.swift; sourceTree = "<group>"; };
		6D85CD6A1F4AE81800135010 /* ViewController.swift */ = {isa = PBXFileReference; lastKnownFileType = sourcecode.swift; path = ViewController.swift; sourceTree = "<group>"; };
		6D85CD6D1F4AE81800135010 /* Base */ = {isa = PBXFileReference; lastKnownFileType = file.storyboard; name = Base; path = Base.lproj/Main.storyboard; sourceTree = "<group>"; };
		6D85CD6F1F4AE81800135010 /* Assets.xcassets */ = {isa = PBXFileReference; lastKnownFileType = folder.assetcatalog; path = Assets.xcassets; sourceTree = "<group>"; };
		6D85CD721F4AE81800135010 /* Base */ = {isa = PBXFileReference; lastKnownFileType = file.storyboard; name = Base; path = Base.lproj/LaunchScreen.storyboard; sourceTree = "<group>"; };
		6D85CD741F4AE81800135010 /* Info.plist */ = {isa = PBXFileReference; lastKnownFileType = text.plist.xml; path = Info.plist; sourceTree = "<group>"; };
		6D85CD791F4AE81800135010 /* UITestingWorkshopUITests.xctest */ = {isa = PBXFileReference; explicitFileType = wrapper.cfbundle; includeInIndex = 0; path = UITestingWorkshopUITests.xctest; sourceTree = BUILT_PRODUCTS_DIR; };
		6D85CD7D1F4AE81800135010 /* UITestingWorkshopUITests.swift */ = {isa = PBXFileReference; lastKnownFileType = sourcecode.swift; path = UITestingWorkshopUITests.swift; sourceTree = "<group>"; };
		6D85CD7F1F4AE81800135010 /* Info.plist */ = {isa = PBXFileReference; lastKnownFileType = text.plist.xml; path = Info.plist; sourceTree = "<group>"; };
		6D85CD931F4AE90D00135010 /* Application.swift */ = {isa = PBXFileReference; fileEncoding = 4; lastKnownFileType = sourcecode.swift; path = Application.swift; sourceTree = "<group>"; };
		6D85CD951F4AE95D00135010 /* ApplicationObjectTestCase.swift */ = {isa = PBXFileReference; fileEncoding = 4; lastKnownFileType = sourcecode.swift; path = ApplicationObjectTestCase.swift; sourceTree = "<group>"; };
		6D85CD971F4AE99100135010 /* MainScreen.swift */ = {isa = PBXFileReference; fileEncoding = 4; lastKnownFileType = sourcecode.swift; path = MainScreen.swift; sourceTree = "<group>"; };
		6D85CD991F4AED7100135010 /* fr */ = {isa = PBXFileReference; lastKnownFileType = text.plist.strings; name = fr; path = fr.lproj/Main.strings; sourceTree = "<group>"; };
		6D85CD9A1F4AED7100135010 /* fr */ = {isa = PBXFileReference; lastKnownFileType = text.plist.strings; name = fr; path = fr.lproj/LaunchScreen.strings; sourceTree = "<group>"; };
		6D85CD9E1F4AEDCD00135010 /* fr */ = {isa = PBXFileReference; lastKnownFileType = text.plist.strings; name = fr; path = fr.lproj/InfoPlist.strings; sourceTree = "<group>"; };
		6D85CDA31F4AEDCE00135010 /* fr */ = {isa = PBXFileReference; lastKnownFileType = text.plist.strings; name = fr; path = fr.lproj/InfoPlist.strings; sourceTree = "<group>"; };
		6D85CDFD1F4C37A000135010 /* TableViewController.swift */ = {isa = PBXFileReference; fileEncoding = 4; lastKnownFileType = sourcecode.swift; path = TableViewController.swift; sourceTree = "<group>"; };
		6D85CDFF1F4C390700135010 /* TableItemCell.swift */ = {isa = PBXFileReference; fileEncoding = 4; lastKnownFileType = sourcecode.swift; path = TableItemCell.swift; sourceTree = "<group>"; };
		6D85CE011F4C392B00135010 /* TableItem.swift */ = {isa = PBXFileReference; fileEncoding = 4; lastKnownFileType = sourcecode.swift; path = TableItem.swift; sourceTree = "<group>"; };
		6D85CE031F4C3C3C00135010 /* ItemViewController.swift */ = {isa = PBXFileReference; fileEncoding = 4; lastKnownFileType = sourcecode.swift; path = ItemViewController.swift; sourceTree = "<group>"; };
		6D85CE051F4C3E4800135010 /* ItemGenerator.swift */ = {isa = PBXFileReference; fileEncoding = 4; lastKnownFileType = sourcecode.swift; path = ItemGenerator.swift; sourceTree = "<group>"; };
		6D85CE071F4C3E9D00135010 /* CollectionItem.swift */ = {isa = PBXFileReference; fileEncoding = 4; lastKnownFileType = sourcecode.swift; path = CollectionItem.swift; sourceTree = "<group>"; };
		6D85CE091F4C40CA00135010 /* CollectionViewController.swift */ = {isa = PBXFileReference; fileEncoding = 4; lastKnownFileType = sourcecode.swift; path = CollectionViewController.swift; sourceTree = "<group>"; };
		6D85CE0B1F4C414200135010 /* CollectionItemCell.swift */ = {isa = PBXFileReference; fileEncoding = 4; lastKnownFileType = sourcecode.swift; path = CollectionItemCell.swift; sourceTree = "<group>"; };
		6DBCBCFF1F56ADC000C910DC /* fr */ = {isa = PBXFileReference; lastKnownFileType = text.plist.strings; name = fr; path = fr.lproj/Localizable.strings; sourceTree = "<group>"; };
		6DBCBD011F56ADC600C910DC /* Base */ = {isa = PBXFileReference; lastKnownFileType = text.plist.strings; name = Base; path = Base.lproj/Localizable.strings; sourceTree = "<group>"; };
		6DBCBD021F56AE2F00C910DC /* LocalizationExample.swift */ = {isa = PBXFileReference; fileEncoding = 4; lastKnownFileType = sourcecode.swift; path = LocalizationExample.swift; sourceTree = "<group>"; };
		6DBCBD191F56B98300C910DC /* MockServer.swift */ = {isa = PBXFileReference; fileEncoding = 4; lastKnownFileType = sourcecode.swift; path = MockServer.swift; sourceTree = "<group>"; };
		6DBCBD1A1F56B98300C910DC /* HARArchive.swift */ = {isa = PBXFileReference; fileEncoding = 4; lastKnownFileType = sourcecode.swift; path = HARArchive.swift; sourceTree = "<group>"; };
		6DBCBD1B1F56B98300C910DC /* MockServer+HAR.swift */ = {isa = PBXFileReference; fileEncoding = 4; lastKnownFileType = sourcecode.swift; path = "MockServer+HAR.swift"; sourceTree = "<group>"; };
		6DBCBD201F56BABB00C910DC /* ExampleMockServerTests.swift */ = {isa = PBXFileReference; fileEncoding = 4; lastKnownFileType = sourcecode.swift; path = ExampleMockServerTests.swift; sourceTree = "<group>"; };
		6DBCBD251F56BBFE00C910DC /* ObjectMapper.framework */ = {isa = PBXFileReference; lastKnownFileType = wrapper.framework; path = ObjectMapper.framework; sourceTree = "<group>"; };
		6DBCBD2C1F56BD5900C910DC /* ObjectMapper.xcodeproj */ = {isa = PBXFileReference; lastKnownFileType = "wrapper.pb-project"; name = ObjectMapper.xcodeproj; path = deps/ObjectMapper/ObjectMapper.xcodeproj; sourceTree = "<group>"; };
		6DBCBD471F56C00800C910DC /* LaunchArgument.swift */ = {isa = PBXFileReference; fileEncoding = 4; lastKnownFileType = sourcecode.swift; path = LaunchArgument.swift; sourceTree = "<group>"; };
		6DE36CC61F504B27006E73AC /* ArrangeActAssertExample.swift */ = {isa = PBXFileReference; fileEncoding = 4; lastKnownFileType = sourcecode.swift; path = ArrangeActAssertExample.swift; sourceTree = "<group>"; };
/* End PBXFileReference section */

/* Begin PBXFrameworksBuildPhase section */
		6D85CD621F4AE81800135010 /* Frameworks */ = {
			isa = PBXFrameworksBuildPhase;
			buildActionMask = 2147483647;
			files = (
			);
			runOnlyForDeploymentPostprocessing = 0;
		};
		6D85CD761F4AE81800135010 /* Frameworks */ = {
			isa = PBXFrameworksBuildPhase;
			buildActionMask = 2147483647;
			files = (
				6DBCBD441F56BD8B00C910DC /* ObjectMapper.framework in Frameworks */,
			);
			runOnlyForDeploymentPostprocessing = 0;
		};
/* End PBXFrameworksBuildPhase section */

/* Begin PBXGroup section */
		6D7B81E41F54618E0055AEC1 /* Screens */ = {
			isa = PBXGroup;
			children = (
				6D85CD931F4AE90D00135010 /* Application.swift */,
				6D85CD971F4AE99100135010 /* MainScreen.swift */,
				6D7B81DA1F545D1A0055AEC1 /* TableScreen.swift */,
				6D7B81DC1F545D280055AEC1 /* CollectionScreen.swift */,
				6D7B81DE1F545D360055AEC1 /* ItemScreen.swift */,
				6D7319941F7119C80004AE2A /* OtherTabScreen.swift */,
			);
			name = Screens;
			sourceTree = "<group>";
		};
		6D7B81E51F5461A60055AEC1 /* Utilities */ = {
			isa = PBXGroup;
			children = (
				6D587BC61F4F1BCF0002C18A /* XCTestCase+Wait.swift */,
				6D7B81E21F5460130055AEC1 /* XCTestCase+Alert.swift */,
				6D587BC81F4F1C8E0002C18A /* XCTest+Assert.swift */,
				6D587BCA1F4F210A0002C18A /* XCUIElementQuery+Any.swift */,
			);
			name = Utilities;
			sourceTree = "<group>";
		};
		6D7B81E61F5461AC0055AEC1 /* Supporting Files */ = {
			isa = PBXGroup;
			children = (
				6D85CD7F1F4AE81800135010 /* Info.plist */,
				6D85CDA41F4AEDCE00135010 /* InfoPlist.strings */,
			);
			name = "Supporting Files";
			sourceTree = "<group>";
		};
		6D85CD5C1F4AE81800135010 = {
			isa = PBXGroup;
			children = (
				6DBCBD2C1F56BD5900C910DC /* ObjectMapper.xcodeproj */,
				6D85CD671F4AE81800135010 /* UITestingWorkshop */,
				6D85CD7C1F4AE81800135010 /* UITestingWorkshopUITests */,
				6D85CD661F4AE81800135010 /* Products */,
				6DBCBD241F56BBFE00C910DC /* Frameworks */,
			);
			sourceTree = "<group>";
		};
		6D85CD661F4AE81800135010 /* Products */ = {
			isa = PBXGroup;
			children = (
				6D85CD651F4AE81800135010 /* UITestingWorkshop.app */,
				6D85CD791F4AE81800135010 /* UITestingWorkshopUITests.xctest */,
			);
			name = Products;
			sourceTree = "<group>";
		};
		6D85CD671F4AE81800135010 /* UITestingWorkshop */ = {
			isa = PBXGroup;
			children = (
				6DC081801F580D52005D6EA1 /* Main */,
				6DC081811F581125005D6EA1 /* Common */,
				6DC081761F580D1F005D6EA1 /* TableView */,
				6DC0817E1F580D27005D6EA1 /* CollectionView */,
				6DC0817F1F580D43005D6EA1 /* Supporting Files */,
			);
			path = UITestingWorkshop;
			sourceTree = "<group>";
		};
		6D85CD7C1F4AE81800135010 /* UITestingWorkshopUITests */ = {
			isa = PBXGroup;
			children = (
				6D7B81E41F54618E0055AEC1 /* Screens */,
				6D7B81E51F5461A60055AEC1 /* Utilities */,
				6D85CD7D1F4AE81800135010 /* UITestingWorkshopUITests.swift */,
				6D587BAE1F4F15880002C18A /* AssertionTests.swift */,
				6DE36CC61F504B27006E73AC /* ArrangeActAssertExample.swift */,
				6D85CD951F4AE95D00135010 /* ApplicationObjectTestCase.swift */,
				6D7B81E71F5461F60055AEC1 /* ScrollTillVisibleTests.swift */,
				6DBCBD021F56AE2F00C910DC /* LocalizationExample.swift */,
				6DBCBD1F1F56B9CA00C910DC /* Mock server */,
				6D7B81E61F5461AC0055AEC1 /* Supporting Files */,
			);
			path = UITestingWorkshopUITests;
			sourceTree = "<group>";
		};
		6DBCBD1F1F56B9CA00C910DC /* Mock server */ = {
			isa = PBXGroup;
			children = (
				6DBCBD191F56B98300C910DC /* MockServer.swift */,
				6DBCBD1A1F56B98300C910DC /* HARArchive.swift */,
				6DBCBD1B1F56B98300C910DC /* MockServer+HAR.swift */,
				6DBCBD201F56BABB00C910DC /* ExampleMockServerTests.swift */,
			);
			name = "Mock server";
			sourceTree = "<group>";
		};
		6DBCBD241F56BBFE00C910DC /* Frameworks */ = {
			isa = PBXGroup;
			children = (
				6DBCBD251F56BBFE00C910DC /* ObjectMapper.framework */,
			);
			name = Frameworks;
			sourceTree = "<group>";
		};
		6DBCBD2D1F56BD5900C910DC /* Products */ = {
			isa = PBXGroup;
			children = (
				6DBCBD371F56BD5900C910DC /* ObjectMapper.framework */,
				6DBCBD391F56BD5900C910DC /* ObjectMapper.framework */,
				6DBCBD3B1F56BD5900C910DC /* ObjectMapper.framework */,
				6DBCBD3D1F56BD5900C910DC /* ObjectMapper.framework */,
				6DBCBD3F1F56BD5900C910DC /* ObjectMapper-iOSTests.xctest */,
				6DBCBD411F56BD5900C910DC /* ObjectMapper-MacTests.xctest */,
				6DBCBD431F56BD5900C910DC /* ObjectMapper-tvOSTests.xctest */,
			);
			name = Products;
			sourceTree = "<group>";
		};
		6DC081761F580D1F005D6EA1 /* TableView */ = {
			isa = PBXGroup;
			children = (
				6D85CE011F4C392B00135010 /* TableItem.swift */,
				6D85CDFF1F4C390700135010 /* TableItemCell.swift */,
				6D85CDFD1F4C37A000135010 /* TableViewController.swift */,
			);
			name = TableView;
			sourceTree = "<group>";
		};
		6DC0817E1F580D27005D6EA1 /* CollectionView */ = {
			isa = PBXGroup;
			children = (
				6D85CE071F4C3E9D00135010 /* CollectionItem.swift */,
				6D85CE091F4C40CA00135010 /* CollectionViewController.swift */,
				6D85CE0B1F4C414200135010 /* CollectionItemCell.swift */,
			);
			name = CollectionView;
			sourceTree = "<group>";
		};
		6DC0817F1F580D43005D6EA1 /* Supporting Files */ = {
			isa = PBXGroup;
			children = (
				6DBCBD001F56ADC000C910DC /* Localizable.strings */,
				6D85CD6F1F4AE81800135010 /* Assets.xcassets */,
				6D85CD741F4AE81800135010 /* Info.plist */,
				6D85CD9F1F4AEDCD00135010 /* InfoPlist.strings */,
				6D85CD711F4AE81800135010 /* LaunchScreen.storyboard */,
			);
			name = "Supporting Files";
			sourceTree = "<group>";
		};
		6DC081801F580D52005D6EA1 /* Main */ = {
			isa = PBXGroup;
			children = (
				6D85CD6C1F4AE81800135010 /* Main.storyboard */,
				6D85CD681F4AE81800135010 /* AppDelegate.swift */,
				6D85CD6A1F4AE81800135010 /* ViewController.swift */,
				6DBCBD471F56C00800C910DC /* LaunchArgument.swift */,
			);
			name = Main;
			sourceTree = "<group>";
		};
		6DC081811F581125005D6EA1 /* Common */ = {
			isa = PBXGroup;
			children = (
				6D85CE051F4C3E4800135010 /* ItemGenerator.swift */,
				6D85CE031F4C3C3C00135010 /* ItemViewController.swift */,
				6D7B81E01F545E180055AEC1 /* UIAccessibleContainer.swift */,
			);
			name = Common;
			sourceTree = "<group>";
		};
/* End PBXGroup section */

/* Begin PBXNativeTarget section */
		6D85CD641F4AE81800135010 /* UITestingWorkshop */ = {
			isa = PBXNativeTarget;
			buildConfigurationList = 6D85CD821F4AE81800135010 /* Build configuration list for PBXNativeTarget "UITestingWorkshop" */;
			buildPhases = (
				6D85CD611F4AE81800135010 /* Sources */,
				6D85CD621F4AE81800135010 /* Frameworks */,
				6D85CD631F4AE81800135010 /* Resources */,
				6DBCBD2A1F56BC2000C910DC /* Embed Frameworks */,
			);
			buildRules = (
			);
			dependencies = (
			);
			name = UITestingWorkshop;
			productName = UITestingWorkshop;
			productReference = 6D85CD651F4AE81800135010 /* UITestingWorkshop.app */;
			productType = "com.apple.product-type.application";
		};
		6D85CD781F4AE81800135010 /* UITestingWorkshopUITests */ = {
			isa = PBXNativeTarget;
			buildConfigurationList = 6D85CD851F4AE81800135010 /* Build configuration list for PBXNativeTarget "UITestingWorkshopUITests" */;
			buildPhases = (
				6D85CD751F4AE81800135010 /* Sources */,
				6D85CD761F4AE81800135010 /* Frameworks */,
				6D85CD771F4AE81800135010 /* Resources */,
				6DBCBD451F56BD9300C910DC /* Copy Frameworks */,
			);
			buildRules = (
			);
			dependencies = (
				6D85CD7B1F4AE81800135010 /* PBXTargetDependency */,
			);
			name = UITestingWorkshopUITests;
			productName = UITestingWorkshopUITests;
			productReference = 6D85CD791F4AE81800135010 /* UITestingWorkshopUITests.xctest */;
			productType = "com.apple.product-type.bundle.ui-testing";
		};
/* End PBXNativeTarget section */

/* Begin PBXProject section */
		6D85CD5D1F4AE81800135010 /* Project object */ = {
			isa = PBXProject;
			attributes = {
				LastSwiftUpdateCheck = 0830;
				LastUpgradeCheck = 0830;
				ORGANIZATIONNAME = "Zalando SE";
				TargetAttributes = {
					6D85CD641F4AE81800135010 = {
						CreatedOnToolsVersion = 8.3.1;
						DevelopmentTeam = J67E9B6234;
						ProvisioningStyle = Automatic;
					};
					6D85CD781F4AE81800135010 = {
						CreatedOnToolsVersion = 8.3.1;
						DevelopmentTeam = J67E9B6234;
						ProvisioningStyle = Automatic;
						TestTargetID = 6D85CD641F4AE81800135010;
					};
				};
			};
			buildConfigurationList = 6D85CD601F4AE81800135010 /* Build configuration list for PBXProject "UITestingWorkshop" */;
			compatibilityVersion = "Xcode 3.2";
			developmentRegion = English;
			hasScannedForEncodings = 0;
			knownRegions = (
				en,
				Base,
				fr,
			);
			mainGroup = 6D85CD5C1F4AE81800135010;
			productRefGroup = 6D85CD661F4AE81800135010 /* Products */;
			projectDirPath = "";
			projectReferences = (
				{
					ProductGroup = 6DBCBD2D1F56BD5900C910DC /* Products */;
					ProjectRef = 6DBCBD2C1F56BD5900C910DC /* ObjectMapper.xcodeproj */;
				},
			);
			projectRoot = "";
			targets = (
				6D85CD641F4AE81800135010 /* UITestingWorkshop */,
				6D85CD781F4AE81800135010 /* UITestingWorkshopUITests */,
			);
		};
/* End PBXProject section */

/* Begin PBXReferenceProxy section */
		6DBCBD371F56BD5900C910DC /* ObjectMapper.framework */ = {
			isa = PBXReferenceProxy;
			fileType = wrapper.framework;
			path = ObjectMapper.framework;
			remoteRef = 6DBCBD361F56BD5900C910DC /* PBXContainerItemProxy */;
			sourceTree = BUILT_PRODUCTS_DIR;
		};
		6DBCBD391F56BD5900C910DC /* ObjectMapper.framework */ = {
			isa = PBXReferenceProxy;
			fileType = wrapper.framework;
			path = ObjectMapper.framework;
			remoteRef = 6DBCBD381F56BD5900C910DC /* PBXContainerItemProxy */;
			sourceTree = BUILT_PRODUCTS_DIR;
		};
		6DBCBD3B1F56BD5900C910DC /* ObjectMapper.framework */ = {
			isa = PBXReferenceProxy;
			fileType = wrapper.framework;
			path = ObjectMapper.framework;
			remoteRef = 6DBCBD3A1F56BD5900C910DC /* PBXContainerItemProxy */;
			sourceTree = BUILT_PRODUCTS_DIR;
		};
		6DBCBD3D1F56BD5900C910DC /* ObjectMapper.framework */ = {
			isa = PBXReferenceProxy;
			fileType = wrapper.framework;
			path = ObjectMapper.framework;
			remoteRef = 6DBCBD3C1F56BD5900C910DC /* PBXContainerItemProxy */;
			sourceTree = BUILT_PRODUCTS_DIR;
		};
		6DBCBD3F1F56BD5900C910DC /* ObjectMapper-iOSTests.xctest */ = {
			isa = PBXReferenceProxy;
			fileType = wrapper.cfbundle;
			path = "ObjectMapper-iOSTests.xctest";
			remoteRef = 6DBCBD3E1F56BD5900C910DC /* PBXContainerItemProxy */;
			sourceTree = BUILT_PRODUCTS_DIR;
		};
		6DBCBD411F56BD5900C910DC /* ObjectMapper-MacTests.xctest */ = {
			isa = PBXReferenceProxy;
			fileType = wrapper.cfbundle;
			path = "ObjectMapper-MacTests.xctest";
			remoteRef = 6DBCBD401F56BD5900C910DC /* PBXContainerItemProxy */;
			sourceTree = BUILT_PRODUCTS_DIR;
		};
		6DBCBD431F56BD5900C910DC /* ObjectMapper-tvOSTests.xctest */ = {
			isa = PBXReferenceProxy;
			fileType = wrapper.cfbundle;
			path = "ObjectMapper-tvOSTests.xctest";
			remoteRef = 6DBCBD421F56BD5900C910DC /* PBXContainerItemProxy */;
			sourceTree = BUILT_PRODUCTS_DIR;
		};
/* End PBXReferenceProxy section */

/* Begin PBXResourcesBuildPhase section */
		6D85CD631F4AE81800135010 /* Resources */ = {
			isa = PBXResourcesBuildPhase;
			buildActionMask = 2147483647;
			files = (
				6DBCBCFE1F56ADC000C910DC /* Localizable.strings in Resources */,
				6D85CD731F4AE81800135010 /* LaunchScreen.storyboard in Resources */,
				6D85CD9D1F4AEDCD00135010 /* InfoPlist.strings in Resources */,
				6D85CD701F4AE81800135010 /* Assets.xcassets in Resources */,
				6D85CD6E1F4AE81800135010 /* Main.storyboard in Resources */,
			);
			runOnlyForDeploymentPostprocessing = 0;
		};
		6D85CD771F4AE81800135010 /* Resources */ = {
			isa = PBXResourcesBuildPhase;
			buildActionMask = 2147483647;
			files = (
				6DBCBD181F56B12F00C910DC /* Localizable.strings in Resources */,
			);
			runOnlyForDeploymentPostprocessing = 0;
		};
/* End PBXResourcesBuildPhase section */

/* Begin PBXSourcesBuildPhase section */
		6D85CD611F4AE81800135010 /* Sources */ = {
			isa = PBXSourcesBuildPhase;
			buildActionMask = 2147483647;
			files = (
				6D85CE0A1F4C40CA00135010 /* CollectionViewController.swift in Sources */,
				6D85CE021F4C392B00135010 /* TableItem.swift in Sources */,
				6D85CE0C1F4C414200135010 /* CollectionItemCell.swift in Sources */,
				6D85CE061F4C3E4800135010 /* ItemGenerator.swift in Sources */,
				6D7B81E11F545E180055AEC1 /* UIAccessibleContainer.swift in Sources */,
				6D85CE081F4C3E9D00135010 /* CollectionItem.swift in Sources */,
				6D85CD6B1F4AE81800135010 /* ViewController.swift in Sources */,
				6D85CE001F4C390700135010 /* TableItemCell.swift in Sources */,
				6D85CDFE1F4C37A000135010 /* TableViewController.swift in Sources */,
				6DBCBD481F56C00800C910DC /* LaunchArgument.swift in Sources */,
				6D85CD691F4AE81800135010 /* AppDelegate.swift in Sources */,
				6D85CE041F4C3C3C00135010 /* ItemViewController.swift in Sources */,
			);
			runOnlyForDeploymentPostprocessing = 0;
		};
		6D85CD751F4AE81800135010 /* Sources */ = {
			isa = PBXSourcesBuildPhase;
			buildActionMask = 2147483647;
			files = (
				6D587BC91F4F1C8E0002C18A /* XCTest+Assert.swift in Sources */,
				6DBCBD1D1F56B98300C910DC /* HARArchive.swift in Sources */,
				6D7B81E31F5460130055AEC1 /* XCTestCase+Alert.swift in Sources */,
				6DE36CC71F504B27006E73AC /* ArrangeActAssertExample.swift in Sources */,
				6D7B81DB1F545D1A0055AEC1 /* TableScreen.swift in Sources */,
				6DBCBD211F56BABB00C910DC /* ExampleMockServerTests.swift in Sources */,
				6D7B81E81F5461F60055AEC1 /* ScrollTillVisibleTests.swift in Sources */,
				6D587BCB1F4F210A0002C18A /* XCUIElementQuery+Any.swift in Sources */,
				6D7B81DD1F545D280055AEC1 /* CollectionScreen.swift in Sources */,
				6D85CD981F4AE99100135010 /* MainScreen.swift in Sources */,
				6DBCBD031F56AE2F00C910DC /* LocalizationExample.swift in Sources */,
				6D85CD941F4AE90D00135010 /* Application.swift in Sources */,
				6D7319951F7119C80004AE2A /* OtherTabScreen.swift in Sources */,
				6D85CD961F4AE95D00135010 /* ApplicationObjectTestCase.swift in Sources */,
				6DBCBD1E1F56B98300C910DC /* MockServer+HAR.swift in Sources */,
				6D587BAF1F4F15880002C18A /* AssertionTests.swift in Sources */,
				6DBCBD1C1F56B98300C910DC /* MockServer.swift in Sources */,
				6D85CD7E1F4AE81800135010 /* UITestingWorkshopUITests.swift in Sources */,
				6D7B81DF1F545D360055AEC1 /* ItemScreen.swift in Sources */,
				6D587BC71F4F1BCF0002C18A /* XCTestCase+Wait.swift in Sources */,
			);
			runOnlyForDeploymentPostprocessing = 0;
		};
/* End PBXSourcesBuildPhase section */

/* Begin PBXTargetDependency section */
		6D85CD7B1F4AE81800135010 /* PBXTargetDependency */ = {
			isa = PBXTargetDependency;
			target = 6D85CD641F4AE81800135010 /* UITestingWorkshop */;
			targetProxy = 6D85CD7A1F4AE81800135010 /* PBXContainerItemProxy */;
		};
/* End PBXTargetDependency section */

/* Begin PBXVariantGroup section */
		6D85CD6C1F4AE81800135010 /* Main.storyboard */ = {
			isa = PBXVariantGroup;
			children = (
				6D85CD6D1F4AE81800135010 /* Base */,
				6D85CD991F4AED7100135010 /* fr */,
			);
			name = Main.storyboard;
			sourceTree = "<group>";
		};
		6D85CD711F4AE81800135010 /* LaunchScreen.storyboard */ = {
			isa = PBXVariantGroup;
			children = (
				6D85CD721F4AE81800135010 /* Base */,
				6D85CD9A1F4AED7100135010 /* fr */,
			);
			name = LaunchScreen.storyboard;
			sourceTree = "<group>";
		};
		6D85CD9F1F4AEDCD00135010 /* InfoPlist.strings */ = {
			isa = PBXVariantGroup;
			children = (
				6D85CD9E1F4AEDCD00135010 /* fr */,
			);
			name = InfoPlist.strings;
			sourceTree = "<group>";
		};
		6D85CDA41F4AEDCE00135010 /* InfoPlist.strings */ = {
			isa = PBXVariantGroup;
			children = (
				6D85CDA31F4AEDCE00135010 /* fr */,
			);
			name = InfoPlist.strings;
			sourceTree = "<group>";
		};
		6DBCBD001F56ADC000C910DC /* Localizable.strings */ = {
			isa = PBXVariantGroup;
			children = (
				6DBCBCFF1F56ADC000C910DC /* fr */,
				6DBCBD011F56ADC600C910DC /* Base */,
			);
			name = Localizable.strings;
			sourceTree = "<group>";
		};
/* End PBXVariantGroup section */

/* Begin XCBuildConfiguration section */
		6D85CD801F4AE81800135010 /* Debug */ = {
			isa = XCBuildConfiguration;
			buildSettings = {
				ALWAYS_SEARCH_USER_PATHS = NO;
				CLANG_ANALYZER_LOCALIZABILITY_NONLOCALIZED = YES;
				CLANG_ANALYZER_NONNULL = YES;
				CLANG_ANALYZER_NUMBER_OBJECT_CONVERSION = YES_AGGRESSIVE;
				CLANG_CXX_LANGUAGE_STANDARD = "gnu++0x";
				CLANG_CXX_LIBRARY = "libc++";
				CLANG_ENABLE_MODULES = YES;
				CLANG_ENABLE_OBJC_ARC = YES;
				CLANG_WARN_BOOL_CONVERSION = YES;
				CLANG_WARN_CONSTANT_CONVERSION = YES;
				CLANG_WARN_DIRECT_OBJC_ISA_USAGE = YES_ERROR;
				CLANG_WARN_DOCUMENTATION_COMMENTS = YES;
				CLANG_WARN_EMPTY_BODY = YES;
				CLANG_WARN_ENUM_CONVERSION = YES;
				CLANG_WARN_INFINITE_RECURSION = YES;
				CLANG_WARN_INT_CONVERSION = YES;
				CLANG_WARN_OBJC_ROOT_CLASS = YES_ERROR;
				CLANG_WARN_SUSPICIOUS_MOVE = YES;
				CLANG_WARN_UNREACHABLE_CODE = YES;
				CLANG_WARN__DUPLICATE_METHOD_MATCH = YES;
				"CODE_SIGN_IDENTITY[sdk=iphoneos*]" = "iPhone Developer";
				COPY_PHASE_STRIP = NO;
				DEBUG_INFORMATION_FORMAT = dwarf;
				ENABLE_STRICT_OBJC_MSGSEND = YES;
				ENABLE_TESTABILITY = YES;
				GCC_C_LANGUAGE_STANDARD = gnu99;
				GCC_DYNAMIC_NO_PIC = NO;
				GCC_NO_COMMON_BLOCKS = YES;
				GCC_OPTIMIZATION_LEVEL = 0;
				GCC_PREPROCESSOR_DEFINITIONS = (
					"DEBUG=1",
					"$(inherited)",
				);
				GCC_WARN_64_TO_32_BIT_CONVERSION = YES;
				GCC_WARN_ABOUT_RETURN_TYPE = YES_ERROR;
				GCC_WARN_UNDECLARED_SELECTOR = YES;
				GCC_WARN_UNINITIALIZED_AUTOS = YES_AGGRESSIVE;
				GCC_WARN_UNUSED_FUNCTION = YES;
				GCC_WARN_UNUSED_VARIABLE = YES;
				IPHONEOS_DEPLOYMENT_TARGET = 10.3;
				MTL_ENABLE_DEBUG_INFO = YES;
				ONLY_ACTIVE_ARCH = YES;
				SDKROOT = iphoneos;
				SWIFT_ACTIVE_COMPILATION_CONDITIONS = DEBUG;
				SWIFT_OPTIMIZATION_LEVEL = "-Onone";
				TARGETED_DEVICE_FAMILY = "1,2";
			};
			name = Debug;
		};
		6D85CD811F4AE81800135010 /* Release */ = {
			isa = XCBuildConfiguration;
			buildSettings = {
				ALWAYS_SEARCH_USER_PATHS = NO;
				CLANG_ANALYZER_LOCALIZABILITY_NONLOCALIZED = YES;
				CLANG_ANALYZER_NONNULL = YES;
				CLANG_ANALYZER_NUMBER_OBJECT_CONVERSION = YES_AGGRESSIVE;
				CLANG_CXX_LANGUAGE_STANDARD = "gnu++0x";
				CLANG_CXX_LIBRARY = "libc++";
				CLANG_ENABLE_MODULES = YES;
				CLANG_ENABLE_OBJC_ARC = YES;
				CLANG_WARN_BOOL_CONVERSION = YES;
				CLANG_WARN_CONSTANT_CONVERSION = YES;
				CLANG_WARN_DIRECT_OBJC_ISA_USAGE = YES_ERROR;
				CLANG_WARN_DOCUMENTATION_COMMENTS = YES;
				CLANG_WARN_EMPTY_BODY = YES;
				CLANG_WARN_ENUM_CONVERSION = YES;
				CLANG_WARN_INFINITE_RECURSION = YES;
				CLANG_WARN_INT_CONVERSION = YES;
				CLANG_WARN_OBJC_ROOT_CLASS = YES_ERROR;
				CLANG_WARN_SUSPICIOUS_MOVE = YES;
				CLANG_WARN_UNREACHABLE_CODE = YES;
				CLANG_WARN__DUPLICATE_METHOD_MATCH = YES;
				"CODE_SIGN_IDENTITY[sdk=iphoneos*]" = "iPhone Developer";
				COPY_PHASE_STRIP = NO;
				DEBUG_INFORMATION_FORMAT = "dwarf-with-dsym";
				ENABLE_NS_ASSERTIONS = NO;
				ENABLE_STRICT_OBJC_MSGSEND = YES;
				GCC_C_LANGUAGE_STANDARD = gnu99;
				GCC_NO_COMMON_BLOCKS = YES;
				GCC_WARN_64_TO_32_BIT_CONVERSION = YES;
				GCC_WARN_ABOUT_RETURN_TYPE = YES_ERROR;
				GCC_WARN_UNDECLARED_SELECTOR = YES;
				GCC_WARN_UNINITIALIZED_AUTOS = YES_AGGRESSIVE;
				GCC_WARN_UNUSED_FUNCTION = YES;
				GCC_WARN_UNUSED_VARIABLE = YES;
				IPHONEOS_DEPLOYMENT_TARGET = 10.3;
				MTL_ENABLE_DEBUG_INFO = NO;
				SDKROOT = iphoneos;
				SWIFT_OPTIMIZATION_LEVEL = "-Owholemodule";
				TARGETED_DEVICE_FAMILY = "1,2";
				VALIDATE_PRODUCT = YES;
			};
			name = Release;
		};
		6D85CD831F4AE81800135010 /* Debug */ = {
			isa = XCBuildConfiguration;
			buildSettings = {
				ASSETCATALOG_COMPILER_APPICON_NAME = AppIcon;
				DEVELOPMENT_TEAM = J67E9B6234;
				FRAMEWORK_SEARCH_PATHS = (
					"$(inherited)",
					"$(PROJECT_DIR)",
				);
				INFOPLIST_FILE = UITestingWorkshop/Info.plist;
				LD_RUNPATH_SEARCH_PATHS = "$(inherited) @executable_path/Frameworks";
				PRODUCT_BUNDLE_IDENTIFIER = de.zalando.UITestingWorkshop;
				PRODUCT_NAME = "$(TARGET_NAME)";
				SWIFT_VERSION = 3.0;
			};
			name = Debug;
		};
		6D85CD841F4AE81800135010 /* Release */ = {
			isa = XCBuildConfiguration;
			buildSettings = {
				ASSETCATALOG_COMPILER_APPICON_NAME = AppIcon;
				DEVELOPMENT_TEAM = J67E9B6234;
				FRAMEWORK_SEARCH_PATHS = (
					"$(inherited)",
					"$(PROJECT_DIR)",
				);
				INFOPLIST_FILE = UITestingWorkshop/Info.plist;
				LD_RUNPATH_SEARCH_PATHS = "$(inherited) @executable_path/Frameworks";
				PRODUCT_BUNDLE_IDENTIFIER = de.zalando.UITestingWorkshop;
				PRODUCT_NAME = "$(TARGET_NAME)";
				SWIFT_VERSION = 3.0;
			};
			name = Release;
		};
		6D85CD861F4AE81800135010 /* Debug */ = {
			isa = XCBuildConfiguration;
			buildSettings = {
				ALWAYS_EMBED_SWIFT_STANDARD_LIBRARIES = YES;
				DEVELOPMENT_TEAM = J67E9B6234;
				FRAMEWORK_SEARCH_PATHS = (
					"$(inherited)",
					"$(PROJECT_DIR)",
				);
				INFOPLIST_FILE = UITestingWorkshopUITests/Info.plist;
				LD_RUNPATH_SEARCH_PATHS = "$(inherited) @executable_path/Frameworks @loader_path/Frameworks";
				PRODUCT_BUNDLE_IDENTIFIER = de.zalando.UITestingWorkshopUITests;
				PRODUCT_NAME = "$(TARGET_NAME)";
				SWIFT_VERSION = 3.0;
				TEST_TARGET_NAME = UITestingWorkshop;
			};
			name = Debug;
		};
		6D85CD871F4AE81800135010 /* Release */ = {
			isa = XCBuildConfiguration;
			buildSettings = {
				ALWAYS_EMBED_SWIFT_STANDARD_LIBRARIES = YES;
				DEVELOPMENT_TEAM = J67E9B6234;
				FRAMEWORK_SEARCH_PATHS = (
					"$(inherited)",
					"$(PROJECT_DIR)",
				);
				INFOPLIST_FILE = UITestingWorkshopUITests/Info.plist;
				LD_RUNPATH_SEARCH_PATHS = "$(inherited) @executable_path/Frameworks @loader_path/Frameworks";
				PRODUCT_BUNDLE_IDENTIFIER = de.zalando.UITestingWorkshopUITests;
				PRODUCT_NAME = "$(TARGET_NAME)";
				SWIFT_VERSION = 3.0;
				TEST_TARGET_NAME = UITestingWorkshop;
			};
			name = Release;
		};
/* End XCBuildConfiguration section */

/* Begin XCConfigurationList section */
		6D85CD601F4AE81800135010 /* Build configuration list for PBXProject "UITestingWorkshop" */ = {
			isa = XCConfigurationList;
			buildConfigurations = (
				6D85CD801F4AE81800135010 /* Debug */,
				6D85CD811F4AE81800135010 /* Release */,
			);
			defaultConfigurationIsVisible = 0;
			defaultConfigurationName = Release;
		};
		6D85CD821F4AE81800135010 /* Build configuration list for PBXNativeTarget "UITestingWorkshop" */ = {
			isa = XCConfigurationList;
			buildConfigurations = (
				6D85CD831F4AE81800135010 /* Debug */,
				6D85CD841F4AE81800135010 /* Release */,
			);
			defaultConfigurationIsVisible = 0;
			defaultConfigurationName = Release;
		};
		6D85CD851F4AE81800135010 /* Build configuration list for PBXNativeTarget "UITestingWorkshopUITests" */ = {
			isa = XCConfigurationList;
			buildConfigurations = (
				6D85CD861F4AE81800135010 /* Debug */,
				6D85CD871F4AE81800135010 /* Release */,
			);
			defaultConfigurationIsVisible = 0;
			defaultConfigurationName = Release;
		};
/* End XCConfigurationList section */
	};
	rootObject = 6D85CD5D1F4AE81800135010 /* Project object */;
}
